{
  "name": "time-series-prediction-bisa-ai",
  "version": "1.0.0",
  "lockfileVersion": 1,
  "requires": true,
  "dependencies": {
    "axios": {
      "version": "0.21.1",
      "resolved": "https://registry.npmjs.org/axios/-/axios-0.21.1.tgz",
      "integrity": "sha512-dKQiRHxGD9PPRIUNIWvZhPTPpl1rf/OxTYKsqKUDjBwYylTvV7SjSHJb9ratfyzM6wCdLCOYLzs73qpg5c4iGA==",
      "requires": {
        "follow-redirects": "^1.10.0"
      }
    },
    "brain": {
      "version": "1.0.0",
      "resolved": "https://registry.npmjs.org/brain/-/brain-1.0.0.tgz",
      "integrity": "sha512-0+IzJ2IRefmRFe6wF3zn/Btu6+8Z2pYsTmWISwssDEwP8A0FUJPzGrAVICKs4+1jSghxTzt95BXZjD3o5fr2sQ=="
    },
    "brain-predict": {
      "version": "0.0.8",
      "resolved": "https://registry.npmjs.org/brain-predict/-/brain-predict-0.0.8.tgz",
      "integrity": "sha1-2annKEexTl7hLMtnqDar7SnBoU4=",
      "requires": {
        "brain": "^1.0.0"
      }
    },
    "follow-redirects": {
      "version": "1.13.1",
      "resolved": "https://registry.npmjs.org/follow-redirects/-/follow-redirects-1.13.1.tgz",
      "integrity": "sha512-SSG5xmZh1mkPGyKzjZP8zLjltIfpW32Y5QpdNJyjcfGxK3qo3NDDkZOZSFiGn1A6SclQxY9GzEwAHQ3dmYRWpg=="
    },
    "node-fetch": {
      "version": "2.6.0",
      "resolved": "https://registry.npmjs.org/node-fetch/-/node-fetch-2.6.0.tgz",
      "integrity": "sha512-8dG4H5ujfvFiqDmVu9fQ5bOHUC15JMjMY/Zumv26oOvvVJjM67KF8koCWIabKQ1GJIa9r2mMZscBq/TbdOcmNA=="
    }
  }
}
